
Microsoft Visual Studio Solution File, Format Version 12.00
# Visual Studio Version 17
VisualStudioVersion = 17.4.33213.308
MinimumVisualStudioVersion = 10.0.40219.1
Project("{FAE04EC0-301F-11D3-BF4B-00C04F79EFBC}") = "Func", "Func\Func.csproj", "{2E1E5725-A32A-461B-BBE7-37E0EA6DE2A1}"
EndProject
Global
	GlobalSection(SolutionConfigurationPlatforms) = preSolution
		Debug|Any CPU = Debug|Any CPU
		Release|Any CPU = Release|Any CPU
	EndGlobalSection
	GlobalSection(ProjectConfigurationPlatforms) = postSolution
		{2E1E5725-A32A-461B-BBE7-37E0EA6DE2A1}.Debug|Any CPU.ActiveCfg = Debug|Any CPU
		{2E1E5725-A32A-461B-BBE7-37E0EA6DE2A1}.Debug|Any CPU.Build.0 = Debug|Any CPU
		{2E1E5725-A32A-461B-BBE7-37E0EA6DE2A1}.Release|Any CPU.ActiveCfg = Release|Any CPU
		{2E1E5725-A32A-461B-BBE7-37E0EA6DE2A1}.Release|Any CPU.Build.0 = Release|Any CPU
	EndGlobalSection
	GlobalSection(SolutionProperties) = preSolution
		HideSolutionNode = FALSE
	EndGlobalSection
	GlobalSection(ExtensibilityGlobals) = postSolution
		SolutionGuid = {0060E531-4A5C-48A4-BA73-AA435843977C}
	EndGlobalSection
EndGlobal
